
Microsoft Visual Studio Solution File, Format Version 12.00
# Visual Studio 15
VisualStudioVersion = 15.0.26430.16
MinimumVisualStudioVersion = 10.0.40219.1
Project("{8BC9CEB8-8B4A-11D0-8D11-00A0C91BC942}") = "sioclient", "sioclient.vcxproj", "{DF22CEDA-9E12-3536-988A-893BFD988EEE}"
EndProject
Global
	GlobalSection(SolutionConfigurationPlatforms) = preSolution
		Debug|x64 = Debug|x64
		Debug|x86 = Debug|x86
		Release|x64 = Release|x64
		Release|x86 = Release|x86
	EndGlobalSection
	GlobalSection(ProjectConfigurationPlatforms) = postSolution
		{DF22CEDA-9E12-3536-988A-893BFD988EEE}.Debug|x64.ActiveCfg = Debug|x64
		{DF22CEDA-9E12-3536-988A-893BFD988EEE}.Debug|x64.Build.0 = Debug|x64
		{DF22CEDA-9E12-3536-988A-893BFD988EEE}.Debug|x86.ActiveCfg = Debug|Win32
		{DF22CEDA-9E12-3536-988A-893BFD988EEE}.Debug|x86.Build.0 = Debug|Win32
		{DF22CEDA-9E12-3536-988A-893BFD988EEE}.Release|x64.ActiveCfg = Release|x64
		{DF22CEDA-9E12-3536-988A-893BFD988EEE}.Release|x64.Build.0 = Release|x64
		{DF22CEDA-9E12-3536-988A-893BFD988EEE}.Release|x86.ActiveCfg = Release|Win32
		{DF22CEDA-9E12-3536-988A-893BFD988EEE}.Release|x86.Build.0 = Release|Win32
	EndGlobalSection
	GlobalSection(SolutionProperties) = preSolution
		HideSolutionNode = FALSE
	EndGlobalSection
	GlobalSection(ExtensibilityGlobals) = postSolution
		SolutionGuid = {40E87E2D-A403-45EB-9444-BA590B0A8A35}
	EndGlobalSection
EndGlobal
